
Microsoft Visual Studio Solution File, Format Version 12.00
Project("{FAE04EC0-301F-11D3-BF4B-00C04F79EFBC}") = "KundeProgramUI", "KundeProgramUI\KundeProgramUI.csproj", "{ADFF02AE-FBE1-4B40-948C-E01CC2F2B37C}"
EndProject
Project("{FAE04EC0-301F-11D3-BF4B-00C04F79EFBC}") = "Service", "Service\Service.csproj", "{0205A59E-22A1-49E5-BE8D-80745DCC78C2}"
EndProject
Project("{FAE04EC0-301F-11D3-BF4B-00C04F79EFBC}") = "Repository", "Repository\Repository.csproj", "{9247ED59-07DF-48D2-9039-7C28B4B0266F}"
EndProject
Project("{FAE04EC0-301F-11D3-BF4B-00C04F79EFBC}") = "Abstractions", "Abstractions\Abstractions.csproj", "{3D3CE5AD-9C97-48CB-B944-9999914FC852}"
EndProject
Project("{FAE04EC0-301F-11D3-BF4B-00C04F79EFBC}") = "Unit Test", "Unit Test\Unit Test.csproj", "{B5B771B5-F410-47EA-B935-B0195339EF32}"
EndProject
Global
	GlobalSection(SolutionConfigurationPlatforms) = preSolution
		Debug|Any CPU = Debug|Any CPU
		Release|Any CPU = Release|Any CPU
	EndGlobalSection
	GlobalSection(ProjectConfigurationPlatforms) = postSolution
		{ADFF02AE-FBE1-4B40-948C-E01CC2F2B37C}.Debug|Any CPU.ActiveCfg = Debug|Any CPU
		{ADFF02AE-FBE1-4B40-948C-E01CC2F2B37C}.Debug|Any CPU.Build.0 = Debug|Any CPU
		{ADFF02AE-FBE1-4B40-948C-E01CC2F2B37C}.Release|Any CPU.ActiveCfg = Release|Any CPU
		{ADFF02AE-FBE1-4B40-948C-E01CC2F2B37C}.Release|Any CPU.Build.0 = Release|Any CPU
		{0205A59E-22A1-49E5-BE8D-80745DCC78C2}.Debug|Any CPU.ActiveCfg = Debug|Any CPU
		{0205A59E-22A1-49E5-BE8D-80745DCC78C2}.Debug|Any CPU.Build.0 = Debug|Any CPU
		{0205A59E-22A1-49E5-BE8D-80745DCC78C2}.Release|Any CPU.ActiveCfg = Release|Any CPU
		{0205A59E-22A1-49E5-BE8D-80745DCC78C2}.Release|Any CPU.Build.0 = Release|Any CPU
		{9247ED59-07DF-48D2-9039-7C28B4B0266F}.Debug|Any CPU.ActiveCfg = Debug|Any CPU
		{9247ED59-07DF-48D2-9039-7C28B4B0266F}.Debug|Any CPU.Build.0 = Debug|Any CPU
		{9247ED59-07DF-48D2-9039-7C28B4B0266F}.Release|Any CPU.ActiveCfg = Release|Any CPU
		{9247ED59-07DF-48D2-9039-7C28B4B0266F}.Release|Any CPU.Build.0 = Release|Any CPU
		{3D3CE5AD-9C97-48CB-B944-9999914FC852}.Debug|Any CPU.ActiveCfg = Debug|Any CPU
		{3D3CE5AD-9C97-48CB-B944-9999914FC852}.Debug|Any CPU.Build.0 = Debug|Any CPU
		{3D3CE5AD-9C97-48CB-B944-9999914FC852}.Release|Any CPU.ActiveCfg = Release|Any CPU
		{3D3CE5AD-9C97-48CB-B944-9999914FC852}.Release|Any CPU.Build.0 = Release|Any CPU
		{B5B771B5-F410-47EA-B935-B0195339EF32}.Debug|Any CPU.ActiveCfg = Debug|Any CPU
		{B5B771B5-F410-47EA-B935-B0195339EF32}.Debug|Any CPU.Build.0 = Debug|Any CPU
		{B5B771B5-F410-47EA-B935-B0195339EF32}.Release|Any CPU.ActiveCfg = Release|Any CPU
		{B5B771B5-F410-47EA-B935-B0195339EF32}.Release|Any CPU.Build.0 = Release|Any CPU
	EndGlobalSection
EndGlobal
